
Microsoft Visual Studio Solution File, Format Version 12.00
# Visual Studio Version 17
VisualStudioVersion = 17.0.31903.59
MinimumVisualStudioVersion = 10.0.40219.1
Project("{2150E333-8FDC-42A3-9474-1A3956D46DE8}") = "API", "API", "{EA4DA9F5-5006-4006-BB36-B3A075CA8E4D}"
EndProject
Project("{FAE04EC0-301F-11D3-BF4B-00C04F79EFBC}") = "TarefasApp.API", "API\TarefasApp.API\TarefasApp.API.csproj", "{864BB0A9-F32F-477F-AC92-016B3B74B859}"
EndProject
Project("{2150E333-8FDC-42A3-9474-1A3956D46DE8}") = "DDD", "DDD", "{4AF263CE-8AB0-4C66-A7C8-BF00BCEFCB1C}"
EndProject
Project("{2150E333-8FDC-42A3-9474-1A3956D46DE8}") = "Application", "Application", "{EC1DE27B-0FA3-4C9D-965E-8434A415268C}"
EndProject
Project("{FAE04EC0-301F-11D3-BF4B-00C04F79EFBC}") = "TarefasApp.Application", "DDD\Application\TarefasApp.Application\TarefasApp.Application.csproj", "{EB72A07D-5BB9-4285-8A0D-36BD6815B5FD}"
EndProject
Project("{2150E333-8FDC-42A3-9474-1A3956D46DE8}") = "Domain", "Domain", "{6FF38D4D-770A-486D-88AB-BACF05284E68}"
EndProject
Project("{FAE04EC0-301F-11D3-BF4B-00C04F79EFBC}") = "TarefasApp.Domain", "DDD\Domain\TarefasApp.Domain\TarefasApp.Domain.csproj", "{0E818DC6-D1BA-496D-9665-70FC9A30922D}"
EndProject
Project("{2150E333-8FDC-42A3-9474-1A3956D46DE8}") = "Infrastructure", "Infrastructure", "{EDB21B8F-0660-4D49-97B7-86C44BA76241}"
EndProject
Project("{FAE04EC0-301F-11D3-BF4B-00C04F79EFBC}") = "TarefasApp.Infra.Data", "DDD\Infrastructure\TarefasApp.Infra.Data\TarefasApp.Infra.Data.csproj", "{A1A12846-221A-426E-BF8C-1D79AA355296}"
EndProject
Project("{2150E333-8FDC-42A3-9474-1A3956D46DE8}") = "TDD", "TDD", "{D1CE45F8-3FB2-4882-BB2E-C4A7CD8B5E04}"
EndProject
Project("{FAE04EC0-301F-11D3-BF4B-00C04F79EFBC}") = "TarefasApp.IntegrationTests", "TDD\TarefasApp.IntegrationTests\TarefasApp.IntegrationTests.csproj", "{285E9963-51C9-4641-9A30-5CFECC776DDC}"
EndProject
Project("{FAE04EC0-301F-11D3-BF4B-00C04F79EFBC}") = "TarefasApp.Infra.Storage", "DDD\Infrastructure\TarefasApp.Infra.Storage\TarefasApp.Infra.Storage.csproj", "{3E81A9EE-E8C9-4F0F-B9D2-26FEB19964D6}"
EndProject
Project("{FAE04EC0-301F-11D3-BF4B-00C04F79EFBC}") = "TarefasApp.Infra.Messages", "DDD\Infrastructure\TarefasApp.Infra.Messages\TarefasApp.Infra.Messages.csproj", "{1BB4FAD0-228D-4D94-868D-05EFF62DF320}"
EndProject
Global
	GlobalSection(SolutionConfigurationPlatforms) = preSolution
		Debug|Any CPU = Debug|Any CPU
		Debug|x64 = Debug|x64
		Debug|x86 = Debug|x86
		Release|Any CPU = Release|Any CPU
		Release|x64 = Release|x64
		Release|x86 = Release|x86
	EndGlobalSection
	GlobalSection(ProjectConfigurationPlatforms) = postSolution
		{864BB0A9-F32F-477F-AC92-016B3B74B859}.Debug|Any CPU.ActiveCfg = Debug|Any CPU
		{864BB0A9-F32F-477F-AC92-016B3B74B859}.Debug|Any CPU.Build.0 = Debug|Any CPU
		{864BB0A9-F32F-477F-AC92-016B3B74B859}.Debug|x64.ActiveCfg = Debug|Any CPU
		{864BB0A9-F32F-477F-AC92-016B3B74B859}.Debug|x64.Build.0 = Debug|Any CPU
		{864BB0A9-F32F-477F-AC92-016B3B74B859}.Debug|x86.ActiveCfg = Debug|Any CPU
		{864BB0A9-F32F-477F-AC92-016B3B74B859}.Debug|x86.Build.0 = Debug|Any CPU
		{864BB0A9-F32F-477F-AC92-016B3B74B859}.Release|Any CPU.ActiveCfg = Release|Any CPU
		{864BB0A9-F32F-477F-AC92-016B3B74B859}.Release|Any CPU.Build.0 = Release|Any CPU
		{864BB0A9-F32F-477F-AC92-016B3B74B859}.Release|x64.ActiveCfg = Release|Any CPU
		{864BB0A9-F32F-477F-AC92-016B3B74B859}.Release|x64.Build.0 = Release|Any CPU
		{864BB0A9-F32F-477F-AC92-016B3B74B859}.Release|x86.ActiveCfg = Release|Any CPU
		{864BB0A9-F32F-477F-AC92-016B3B74B859}.Release|x86.Build.0 = Release|Any CPU
		{EB72A07D-5BB9-4285-8A0D-36BD6815B5FD}.Debug|Any CPU.ActiveCfg = Debug|Any CPU
		{EB72A07D-5BB9-4285-8A0D-36BD6815B5FD}.Debug|Any CPU.Build.0 = Debug|Any CPU
		{EB72A07D-5BB9-4285-8A0D-36BD6815B5FD}.Debug|x64.ActiveCfg = Debug|Any CPU
		{EB72A07D-5BB9-4285-8A0D-36BD6815B5FD}.Debug|x64.Build.0 = Debug|Any CPU
		{EB72A07D-5BB9-4285-8A0D-36BD6815B5FD}.Debug|x86.ActiveCfg = Debug|Any CPU
		{EB72A07D-5BB9-4285-8A0D-36BD6815B5FD}.Debug|x86.Build.0 = Debug|Any CPU
		{EB72A07D-5BB9-4285-8A0D-36BD6815B5FD}.Release|Any CPU.ActiveCfg = Release|Any CPU
		{EB72A07D-5BB9-4285-8A0D-36BD6815B5FD}.Release|Any CPU.Build.0 = Release|Any CPU
		{EB72A07D-5BB9-4285-8A0D-36BD6815B5FD}.Release|x64.ActiveCfg = Release|Any CPU
		{EB72A07D-5BB9-4285-8A0D-36BD6815B5FD}.Release|x64.Build.0 = Release|Any CPU
		{EB72A07D-5BB9-4285-8A0D-36BD6815B5FD}.Release|x86.ActiveCfg = Release|Any CPU
		{EB72A07D-5BB9-4285-8A0D-36BD6815B5FD}.Release|x86.Build.0 = Release|Any CPU
		{0E818DC6-D1BA-496D-9665-70FC9A30922D}.Debug|Any CPU.ActiveCfg = Debug|Any CPU
		{0E818DC6-D1BA-496D-9665-70FC9A30922D}.Debug|Any CPU.Build.0 = Debug|Any CPU
		{0E818DC6-D1BA-496D-9665-70FC9A30922D}.Debug|x64.ActiveCfg = Debug|Any CPU
		{0E818DC6-D1BA-496D-9665-70FC9A30922D}.Debug|x64.Build.0 = Debug|Any CPU
		{0E818DC6-D1BA-496D-9665-70FC9A30922D}.Debug|x86.ActiveCfg = Debug|Any CPU
		{0E818DC6-D1BA-496D-9665-70FC9A30922D}.Debug|x86.Build.0 = Debug|Any CPU
		{0E818DC6-D1BA-496D-9665-70FC9A30922D}.Release|Any CPU.ActiveCfg = Release|Any CPU
		{0E818DC6-D1BA-496D-9665-70FC9A30922D}.Release|Any CPU.Build.0 = Release|Any CPU
		{0E818DC6-D1BA-496D-9665-70FC9A30922D}.Release|x64.ActiveCfg = Release|Any CPU
		{0E818DC6-D1BA-496D-9665-70FC9A30922D}.Release|x64.Build.0 = Release|Any CPU
		{0E818DC6-D1BA-496D-9665-70FC9A30922D}.Release|x86.ActiveCfg = Release|Any CPU
		{0E818DC6-D1BA-496D-9665-70FC9A30922D}.Release|x86.Build.0 = Release|Any CPU
		{A1A12846-221A-426E-BF8C-1D79AA355296}.Debug|Any CPU.ActiveCfg = Debug|Any CPU
		{A1A12846-221A-426E-BF8C-1D79AA355296}.Debug|Any CPU.Build.0 = Debug|Any CPU
		{A1A12846-221A-426E-BF8C-1D79AA355296}.Debug|x64.ActiveCfg = Debug|Any CPU
		{A1A12846-221A-426E-BF8C-1D79AA355296}.Debug|x64.Build.0 = Debug|Any CPU
		{A1A12846-221A-426E-BF8C-1D79AA355296}.Debug|x86.ActiveCfg = Debug|Any CPU
		{A1A12846-221A-426E-BF8C-1D79AA355296}.Debug|x86.Build.0 = Debug|Any CPU
		{A1A12846-221A-426E-BF8C-1D79AA355296}.Release|Any CPU.ActiveCfg = Release|Any CPU
		{A1A12846-221A-426E-BF8C-1D79AA355296}.Release|Any CPU.Build.0 = Release|Any CPU
		{A1A12846-221A-426E-BF8C-1D79AA355296}.Release|x64.ActiveCfg = Release|Any CPU
		{A1A12846-221A-426E-BF8C-1D79AA355296}.Release|x64.Build.0 = Release|Any CPU
		{A1A12846-221A-426E-BF8C-1D79AA355296}.Release|x86.ActiveCfg = Release|Any CPU
		{A1A12846-221A-426E-BF8C-1D79AA355296}.Release|x86.Build.0 = Release|Any CPU
		{285E9963-51C9-4641-9A30-5CFECC776DDC}.Debug|Any CPU.ActiveCfg = Debug|Any CPU
		{285E9963-51C9-4641-9A30-5CFECC776DDC}.Debug|Any CPU.Build.0 = Debug|Any CPU
		{285E9963-51C9-4641-9A30-5CFECC776DDC}.Debug|x64.ActiveCfg = Debug|Any CPU
		{285E9963-51C9-4641-9A30-5CFECC776DDC}.Debug|x64.Build.0 = Debug|Any CPU
		{285E9963-51C9-4641-9A30-5CFECC776DDC}.Debug|x86.ActiveCfg = Debug|Any CPU
		{285E9963-51C9-4641-9A30-5CFECC776DDC}.Debug|x86.Build.0 = Debug|Any CPU
		{285E9963-51C9-4641-9A30-5CFECC776DDC}.Release|Any CPU.ActiveCfg = Release|Any CPU
		{285E9963-51C9-4641-9A30-5CFECC776DDC}.Release|Any CPU.Build.0 = Release|Any CPU
		{285E9963-51C9-4641-9A30-5CFECC776DDC}.Release|x64.ActiveCfg = Release|Any CPU
		{285E9963-51C9-4641-9A30-5CFECC776DDC}.Release|x64.Build.0 = Release|Any CPU
		{285E9963-51C9-4641-9A30-5CFECC776DDC}.Release|x86.ActiveCfg = Release|Any CPU
		{285E9963-51C9-4641-9A30-5CFECC776DDC}.Release|x86.Build.0 = Release|Any CPU
		{3E81A9EE-E8C9-4F0F-B9D2-26FEB19964D6}.Debug|Any CPU.ActiveCfg = Debug|Any CPU
		{3E81A9EE-E8C9-4F0F-B9D2-26FEB19964D6}.Debug|Any CPU.Build.0 = Debug|Any CPU
		{3E81A9EE-E8C9-4F0F-B9D2-26FEB19964D6}.Debug|x64.ActiveCfg = Debug|Any CPU
		{3E81A9EE-E8C9-4F0F-B9D2-26FEB19964D6}.Debug|x64.Build.0 = Debug|Any CPU
		{3E81A9EE-E8C9-4F0F-B9D2-26FEB19964D6}.Debug|x86.ActiveCfg = Debug|Any CPU
		{3E81A9EE-E8C9-4F0F-B9D2-26FEB19964D6}.Debug|x86.Build.0 = Debug|Any CPU
		{3E81A9EE-E8C9-4F0F-B9D2-26FEB19964D6}.Release|Any CPU.ActiveCfg = Release|Any CPU
		{3E81A9EE-E8C9-4F0F-B9D2-26FEB19964D6}.Release|Any CPU.Build.0 = Release|Any CPU
		{3E81A9EE-E8C9-4F0F-B9D2-26FEB19964D6}.Release|x64.ActiveCfg = Release|Any CPU
		{3E81A9EE-E8C9-4F0F-B9D2-26FEB19964D6}.Release|x64.Build.0 = Release|Any CPU
		{3E81A9EE-E8C9-4F0F-B9D2-26FEB19964D6}.Release|x86.ActiveCfg = Release|Any CPU
		{3E81A9EE-E8C9-4F0F-B9D2-26FEB19964D6}.Release|x86.Build.0 = Release|Any CPU
		{1BB4FAD0-228D-4D94-868D-05EFF62DF320}.Debug|Any CPU.ActiveCfg = Debug|Any CPU
		{1BB4FAD0-228D-4D94-868D-05EFF62DF320}.Debug|Any CPU.Build.0 = Debug|Any CPU
		{1BB4FAD0-228D-4D94-868D-05EFF62DF320}.Debug|x64.ActiveCfg = Debug|Any CPU
		{1BB4FAD0-228D-4D94-868D-05EFF62DF320}.Debug|x64.Build.0 = Debug|Any CPU
		{1BB4FAD0-228D-4D94-868D-05EFF62DF320}.Debug|x86.ActiveCfg = Debug|Any CPU
		{1BB4FAD0-228D-4D94-868D-05EFF62DF320}.Debug|x86.Build.0 = Debug|Any CPU
		{1BB4FAD0-228D-4D94-868D-05EFF62DF320}.Release|Any CPU.ActiveCfg = Release|Any CPU
		{1BB4FAD0-228D-4D94-868D-05EFF62DF320}.Release|Any CPU.Build.0 = Release|Any CPU
		{1BB4FAD0-228D-4D94-868D-05EFF62DF320}.Release|x64.ActiveCfg = Release|Any CPU
		{1BB4FAD0-228D-4D94-868D-05EFF62DF320}.Release|x64.Build.0 = Release|Any CPU
		{1BB4FAD0-228D-4D94-868D-05EFF62DF320}.Release|x86.ActiveCfg = Release|Any CPU
		{1BB4FAD0-228D-4D94-868D-05EFF62DF320}.Release|x86.Build.0 = Release|Any CPU
	EndGlobalSection
	GlobalSection(SolutionProperties) = preSolution
		HideSolutionNode = FALSE
	EndGlobalSection
	GlobalSection(NestedProjects) = preSolution
		{864BB0A9-F32F-477F-AC92-016B3B74B859} = {EA4DA9F5-5006-4006-BB36-B3A075CA8E4D}
		{EC1DE27B-0FA3-4C9D-965E-8434A415268C} = {4AF263CE-8AB0-4C66-A7C8-BF00BCEFCB1C}
		{EB72A07D-5BB9-4285-8A0D-36BD6815B5FD} = {EC1DE27B-0FA3-4C9D-965E-8434A415268C}
		{6FF38D4D-770A-486D-88AB-BACF05284E68} = {4AF263CE-8AB0-4C66-A7C8-BF00BCEFCB1C}
		{0E818DC6-D1BA-496D-9665-70FC9A30922D} = {6FF38D4D-770A-486D-88AB-BACF05284E68}
		{EDB21B8F-0660-4D49-97B7-86C44BA76241} = {4AF263CE-8AB0-4C66-A7C8-BF00BCEFCB1C}
		{A1A12846-221A-426E-BF8C-1D79AA355296} = {EDB21B8F-0660-4D49-97B7-86C44BA76241}
		{285E9963-51C9-4641-9A30-5CFECC776DDC} = {D1CE45F8-3FB2-4882-BB2E-C4A7CD8B5E04}
		{3E81A9EE-E8C9-4F0F-B9D2-26FEB19964D6} = {EDB21B8F-0660-4D49-97B7-86C44BA76241}
		{1BB4FAD0-228D-4D94-868D-05EFF62DF320} = {EDB21B8F-0660-4D49-97B7-86C44BA76241}
	EndGlobalSection
EndGlobal
